
Microsoft Visual Studio Solution File, Format Version 12.00
# Visual Studio Version 16
VisualStudioVersion = 16.6.30114.105
MinimumVisualStudioVersion = 10.0.40219.1
Project("{FAE04EC0-301F-11D3-BF4B-00C04F79EFBC}") = "API", "API\API.csproj", "{D6568047-382A-435A-A356-1108E2CAB13F}"
EndProject
Project("{FAE04EC0-301F-11D3-BF4B-00C04F79EFBC}") = "Application", "Application\Application.csproj", "{950DBCDB-EAE0-46EB-B8ED-9C0BDA3F0E4A}"
EndProject
Project("{FAE04EC0-301F-11D3-BF4B-00C04F79EFBC}") = "Persistence", "Persistence\Persistence.csproj", "{AB9D908C-E251-4252-8D86-746A56C1BAA5}"
EndProject
Project("{FAE04EC0-301F-11D3-BF4B-00C04F79EFBC}") = "Domain", "Domain\Domain.csproj", "{18805455-F3BD-4720-BB1B-350160A61BE4}"
EndProject
Project("{FAE04EC0-301F-11D3-BF4B-00C04F79EFBC}") = "Infrastructure", "Infrastructure\Infrastructure.csproj", "{181A5404-88BE-4735-AD25-BCEDBBA44F3D}"
EndProject
Global
	GlobalSection(SolutionConfigurationPlatforms) = preSolution
		Debug|Any CPU = Debug|Any CPU
		Debug|x64 = Debug|x64
		Debug|x86 = Debug|x86
		Release|Any CPU = Release|Any CPU
		Release|x64 = Release|x64
		Release|x86 = Release|x86
	EndGlobalSection
	GlobalSection(SolutionProperties) = preSolution
		HideSolutionNode = FALSE
	EndGlobalSection
	GlobalSection(ProjectConfigurationPlatforms) = postSolution
		{D6568047-382A-435A-A356-1108E2CAB13F}.Debug|Any CPU.ActiveCfg = Debug|Any CPU
		{D6568047-382A-435A-A356-1108E2CAB13F}.Debug|Any CPU.Build.0 = Debug|Any CPU
		{D6568047-382A-435A-A356-1108E2CAB13F}.Debug|x64.ActiveCfg = Debug|Any CPU
		{D6568047-382A-435A-A356-1108E2CAB13F}.Debug|x64.Build.0 = Debug|Any CPU
		{D6568047-382A-435A-A356-1108E2CAB13F}.Debug|x86.ActiveCfg = Debug|Any CPU
		{D6568047-382A-435A-A356-1108E2CAB13F}.Debug|x86.Build.0 = Debug|Any CPU
		{D6568047-382A-435A-A356-1108E2CAB13F}.Release|Any CPU.ActiveCfg = Release|Any CPU
		{D6568047-382A-435A-A356-1108E2CAB13F}.Release|Any CPU.Build.0 = Release|Any CPU
		{D6568047-382A-435A-A356-1108E2CAB13F}.Release|x64.ActiveCfg = Release|Any CPU
		{D6568047-382A-435A-A356-1108E2CAB13F}.Release|x64.Build.0 = Release|Any CPU
		{D6568047-382A-435A-A356-1108E2CAB13F}.Release|x86.ActiveCfg = Release|Any CPU
		{D6568047-382A-435A-A356-1108E2CAB13F}.Release|x86.Build.0 = Release|Any CPU
		{950DBCDB-EAE0-46EB-B8ED-9C0BDA3F0E4A}.Debug|Any CPU.ActiveCfg = Debug|Any CPU
		{950DBCDB-EAE0-46EB-B8ED-9C0BDA3F0E4A}.Debug|Any CPU.Build.0 = Debug|Any CPU
		{950DBCDB-EAE0-46EB-B8ED-9C0BDA3F0E4A}.Debug|x64.ActiveCfg = Debug|Any CPU
		{950DBCDB-EAE0-46EB-B8ED-9C0BDA3F0E4A}.Debug|x64.Build.0 = Debug|Any CPU
		{950DBCDB-EAE0-46EB-B8ED-9C0BDA3F0E4A}.Debug|x86.ActiveCfg = Debug|Any CPU
		{950DBCDB-EAE0-46EB-B8ED-9C0BDA3F0E4A}.Debug|x86.Build.0 = Debug|Any CPU
		{950DBCDB-EAE0-46EB-B8ED-9C0BDA3F0E4A}.Release|Any CPU.ActiveCfg = Release|Any CPU
		{950DBCDB-EAE0-46EB-B8ED-9C0BDA3F0E4A}.Release|Any CPU.Build.0 = Release|Any CPU
		{950DBCDB-EAE0-46EB-B8ED-9C0BDA3F0E4A}.Release|x64.ActiveCfg = Release|Any CPU
		{950DBCDB-EAE0-46EB-B8ED-9C0BDA3F0E4A}.Release|x64.Build.0 = Release|Any CPU
		{950DBCDB-EAE0-46EB-B8ED-9C0BDA3F0E4A}.Release|x86.ActiveCfg = Release|Any CPU
		{950DBCDB-EAE0-46EB-B8ED-9C0BDA3F0E4A}.Release|x86.Build.0 = Release|Any CPU
		{AB9D908C-E251-4252-8D86-746A56C1BAA5}.Debug|Any CPU.ActiveCfg = Debug|Any CPU
		{AB9D908C-E251-4252-8D86-746A56C1BAA5}.Debug|Any CPU.Build.0 = Debug|Any CPU
		{AB9D908C-E251-4252-8D86-746A56C1BAA5}.Debug|x64.ActiveCfg = Debug|Any CPU
		{AB9D908C-E251-4252-8D86-746A56C1BAA5}.Debug|x64.Build.0 = Debug|Any CPU
		{AB9D908C-E251-4252-8D86-746A56C1BAA5}.Debug|x86.ActiveCfg = Debug|Any CPU
		{AB9D908C-E251-4252-8D86-746A56C1BAA5}.Debug|x86.Build.0 = Debug|Any CPU
		{AB9D908C-E251-4252-8D86-746A56C1BAA5}.Release|Any CPU.ActiveCfg = Release|Any CPU
		{AB9D908C-E251-4252-8D86-746A56C1BAA5}.Release|Any CPU.Build.0 = Release|Any CPU
		{AB9D908C-E251-4252-8D86-746A56C1BAA5}.Release|x64.ActiveCfg = Release|Any CPU
		{AB9D908C-E251-4252-8D86-746A56C1BAA5}.Release|x64.Build.0 = Release|Any CPU
		{AB9D908C-E251-4252-8D86-746A56C1BAA5}.Release|x86.ActiveCfg = Release|Any CPU
		{AB9D908C-E251-4252-8D86-746A56C1BAA5}.Release|x86.Build.0 = Release|Any CPU
		{18805455-F3BD-4720-BB1B-350160A61BE4}.Debug|Any CPU.ActiveCfg = Debug|Any CPU
		{18805455-F3BD-4720-BB1B-350160A61BE4}.Debug|Any CPU.Build.0 = Debug|Any CPU
		{18805455-F3BD-4720-BB1B-350160A61BE4}.Debug|x64.ActiveCfg = Debug|Any CPU
		{18805455-F3BD-4720-BB1B-350160A61BE4}.Debug|x64.Build.0 = Debug|Any CPU
		{18805455-F3BD-4720-BB1B-350160A61BE4}.Debug|x86.ActiveCfg = Debug|Any CPU
		{18805455-F3BD-4720-BB1B-350160A61BE4}.Debug|x86.Build.0 = Debug|Any CPU
		{18805455-F3BD-4720-BB1B-350160A61BE4}.Release|Any CPU.ActiveCfg = Release|Any CPU
		{18805455-F3BD-4720-BB1B-350160A61BE4}.Release|Any CPU.Build.0 = Release|Any CPU
		{18805455-F3BD-4720-BB1B-350160A61BE4}.Release|x64.ActiveCfg = Release|Any CPU
		{18805455-F3BD-4720-BB1B-350160A61BE4}.Release|x64.Build.0 = Release|Any CPU
		{18805455-F3BD-4720-BB1B-350160A61BE4}.Release|x86.ActiveCfg = Release|Any CPU
		{18805455-F3BD-4720-BB1B-350160A61BE4}.Release|x86.Build.0 = Release|Any CPU
		{181A5404-88BE-4735-AD25-BCEDBBA44F3D}.Debug|Any CPU.ActiveCfg = Debug|Any CPU
		{181A5404-88BE-4735-AD25-BCEDBBA44F3D}.Debug|Any CPU.Build.0 = Debug|Any CPU
		{181A5404-88BE-4735-AD25-BCEDBBA44F3D}.Debug|x64.ActiveCfg = Debug|Any CPU
		{181A5404-88BE-4735-AD25-BCEDBBA44F3D}.Debug|x64.Build.0 = Debug|Any CPU
		{181A5404-88BE-4735-AD25-BCEDBBA44F3D}.Debug|x86.ActiveCfg = Debug|Any CPU
		{181A5404-88BE-4735-AD25-BCEDBBA44F3D}.Debug|x86.Build.0 = Debug|Any CPU
		{181A5404-88BE-4735-AD25-BCEDBBA44F3D}.Release|Any CPU.ActiveCfg = Release|Any CPU
		{181A5404-88BE-4735-AD25-BCEDBBA44F3D}.Release|Any CPU.Build.0 = Release|Any CPU
		{181A5404-88BE-4735-AD25-BCEDBBA44F3D}.Release|x64.ActiveCfg = Release|Any CPU
		{181A5404-88BE-4735-AD25-BCEDBBA44F3D}.Release|x64.Build.0 = Release|Any CPU
		{181A5404-88BE-4735-AD25-BCEDBBA44F3D}.Release|x86.ActiveCfg = Release|Any CPU
		{181A5404-88BE-4735-AD25-BCEDBBA44F3D}.Release|x86.Build.0 = Release|Any CPU
	EndGlobalSection
EndGlobal
